{
  "version": 4,
  "terraform_version": "1.4.6",
  "serial": 17,
  "lineage": "7272f35a-c606-7beb-31c3-51afa02f6f5c",
  "outputs": {
    "public-ip": {
      "value": "54.84.157.74",
      "type": "string"
    },
    "ssh-command": {
      "value": "ssh -i keypair.pem ec2-user@ec2-54-84-157-74.compute-1.amazonaws.com",
      "type": "string"
    }
  },
  "resources": [
    {
      "mode": "data",
      "type": "aws_ami",
      "name": "amazon-2",
      "provider": "provider[\"registry.terraform.io/hashicorp/aws\"]",
      "instances": [
        {
          "schema_version": 0,
          "attributes": {
            "architecture": "x86_64",
            "arn": "arn:aws:ec2:us-east-1::image/ami-04dd3966dd460bfa0",
            "block_device_mappings": [
              {
                "device_name": "/dev/xvda",
                "ebs": {
                  "delete_on_termination": "true",
                  "encrypted": "false",
                  "iops": "0",
                  "snapshot_id": "snap-0e2a56c45491e79b2",
                  "throughput": "0",
                  "volume_size": "8",
                  "volume_type": "standard"
                },
                "no_device": "",
                "virtual_name": ""
              }
            ],
            "boot_mode": "",
            "creation_date": "2023-06-02T19:39:25.000Z",
            "deprecation_time": "2025-06-02T19:39:25.000Z",
            "description": "Amazon Linux 2 AMI 2.0.20230530.0 x86_64 HVM ebs",
            "ena_support": true,
            "executable_users": null,
            "filter": [
              {
                "name": "name",
                "values": [
                  "amzn2-ami-hvm-*-x86_64-ebs"
                ]
              }
            ],
            "hypervisor": "xen",
            "id": "ami-04dd3966dd460bfa0",
            "image_id": "ami-04dd3966dd460bfa0",
            "image_location": "amazon/amzn2-ami-hvm-2.0.20230530.0-x86_64-ebs",
            "image_owner_alias": "amazon",
            "image_type": "machine",
            "imds_support": "",
            "include_deprecated": false,
            "kernel_id": "",
            "most_recent": true,
            "name": "amzn2-ami-hvm-2.0.20230530.0-x86_64-ebs",
            "name_regex": null,
            "owner_id": "137112412989",
            "owners": [
              "amazon"
            ],
            "platform": "",
            "platform_details": "Linux/UNIX",
            "product_codes": [],
            "public": true,
            "ramdisk_id": "",
            "root_device_name": "/dev/xvda",
            "root_device_type": "ebs",
            "root_snapshot_id": "snap-0e2a56c45491e79b2",
            "sriov_net_support": "simple",
            "state": "available",
            "state_reason": {
              "code": "UNSET",
              "message": "UNSET"
            },
            "tags": {},
            "timeouts": null,
            "tpm_support": "",
            "usage_operation": "RunInstances",
            "virtualization_type": "hvm"
          },
          "sensitive_attributes": []
        }
      ]
    },
    {
      "mode": "managed",
      "type": "aws_default_vpc",
      "name": "default_vpc",
      "provider": "provider[\"registry.terraform.io/hashicorp/aws\"]",
      "instances": [
        {
          "schema_version": 1,
          "attributes": {
            "arn": "arn:aws:ec2:us-east-1:704321698784:vpc/vpc-05768ad467754aeb8",
            "assign_generated_ipv6_cidr_block": false,
            "cidr_block": "172.31.0.0/16",
            "default_network_acl_id": "acl-0f579e757aea458c8",
            "default_route_table_id": "rtb-0534f3f46a6ffabc1",
            "default_security_group_id": "sg-02c49244ccdb24aa5",
            "dhcp_options_id": "dopt-04a42b1be36f72a28",
            "enable_dns_hostnames": true,
            "enable_dns_support": true,
            "enable_network_address_usage_metrics": false,
            "existing_default_vpc": true,
            "force_destroy": false,
            "id": "vpc-05768ad467754aeb8",
            "instance_tenancy": "default",
            "ipv6_association_id": "",
            "ipv6_cidr_block": "",
            "ipv6_cidr_block_network_border_group": "",
            "ipv6_ipam_pool_id": "",
            "ipv6_netmask_length": 0,
            "main_route_table_id": "rtb-0534f3f46a6ffabc1",
            "owner_id": "704321698784",
            "tags": {},
            "tags_all": {}
          },
          "sensitive_attributes": [],
          "private": "eyJzY2hlbWFfdmVyc2lvbiI6IjEifQ=="
        }
      ]
    },
    {
      "mode": "managed",
      "type": "aws_instance",
      "name": "DockerInstance",
      "provider": "provider[\"registry.terraform.io/hashicorp/aws\"]",
      "instances": [
        {
          "schema_version": 1,
          "attributes": {
            "ami": "ami-04dd3966dd460bfa0",
            "arn": "arn:aws:ec2:us-east-1:704321698784:instance/i-015d88fe400711ede",
            "associate_public_ip_address": true,
            "availability_zone": "us-east-1b",
            "capacity_reservation_specification": [
              {
                "capacity_reservation_preference": "open",
                "capacity_reservation_target": []
              }
            ],
            "cpu_core_count": 1,
            "cpu_options": [
              {
                "amd_sev_snp": "",
                "core_count": 1,
                "threads_per_core": 1
              }
            ],
            "cpu_threads_per_core": 1,
            "credit_specification": [
              {
                "cpu_credits": "standard"
              }
            ],
            "disable_api_stop": false,
            "disable_api_termination": false,
            "ebs_block_device": [],
            "ebs_optimized": false,
            "enclave_options": [
              {
                "enabled": false
              }
            ],
            "ephemeral_block_device": [],
            "get_password_data": false,
            "hibernation": false,
            "host_id": "",
            "host_resource_group_arn": null,
            "iam_instance_profile": "",
            "id": "i-015d88fe400711ede",
            "instance_initiated_shutdown_behavior": "stop",
            "instance_state": "running",
            "instance_type": "t2.micro",
            "ipv6_address_count": 0,
            "ipv6_addresses": [],
            "key_name": "privatekeypair",
            "launch_template": [],
            "maintenance_options": [
              {
                "auto_recovery": "default"
              }
            ],
            "metadata_options": [
              {
                "http_endpoint": "enabled",
                "http_put_response_hop_limit": 1,
                "http_tokens": "optional",
                "instance_metadata_tags": "disabled"
              }
            ],
            "monitoring": false,
            "network_interface": [],
            "outpost_arn": "",
            "password_data": "",
            "placement_group": "",
            "placement_partition_number": 0,
            "primary_network_interface_id": "eni-09597c4f99dd127e1",
            "private_dns": "ip-172-31-93-238.ec2.internal",
            "private_dns_name_options": [
              {
                "enable_resource_name_dns_a_record": false,
                "enable_resource_name_dns_aaaa_record": false,
                "hostname_type": "ip-name"
              }
            ],
            "private_ip": "172.31.93.238",
            "public_dns": "ec2-54-84-157-74.compute-1.amazonaws.com",
            "public_ip": "54.84.157.74",
            "root_block_device": [
              {
                "delete_on_termination": true,
                "device_name": "/dev/xvda",
                "encrypted": false,
                "iops": 0,
                "kms_key_id": "",
                "tags": {},
                "throughput": 0,
                "volume_id": "vol-0142aca88c381cc4e",
                "volume_size": 8,
                "volume_type": "standard"
              }
            ],
            "secondary_private_ips": [],
            "security_groups": [
              "docker-Web-SG"
            ],
            "source_dest_check": true,
            "subnet_id": "subnet-013a570de30dcf311",
            "tags": {
              "Name": "docker instance"
            },
            "tags_all": {
              "Name": "docker instance"
            },
            "tenancy": "default",
            "timeouts": null,
            "user_data": "577f704f70200de8dd670fd9a921ab27c88ec8d9",
            "user_data_base64": null,
            "user_data_replace_on_change": false,
            "volume_tags": null,
            "vpc_security_group_ids": [
              "sg-00a55f51b64cf31b2"
            ]
          },
          "sensitive_attributes": [],
          "private": "eyJlMmJmYjczMC1lY2FhLTExZTYtOGY4OC0zNDM2M2JjN2M0YzAiOnsiY3JlYXRlIjo2MDAwMDAwMDAwMDAsImRlbGV0ZSI6MTIwMDAwMDAwMDAwMCwidXBkYXRlIjo2MDAwMDAwMDAwMDB9LCJzY2hlbWFfdmVyc2lvbiI6IjEifQ==",
          "dependencies": [
            "aws_default_vpc.default_vpc",
            "aws_key_pair.ec2_key",
            "aws_security_group.web-sg",
            "data.aws_ami.amazon-2",
            "tls_private_key.ec2_key"
          ]
        }
      ]
    },
    {
      "mode": "managed",
      "type": "aws_key_pair",
      "name": "ec2_key",
      "provider": "provider[\"registry.terraform.io/hashicorp/aws\"]",
      "instances": [
        {
          "schema_version": 1,
          "attributes": {
            "arn": "arn:aws:ec2:us-east-1:704321698784:key-pair/privatekeypair",
            "fingerprint": "3f:43:83:50:0c:50:28:8c:64:a6:44:49:a1:d3:49:79",
            "id": "privatekeypair",
            "key_name": "privatekeypair",
            "key_name_prefix": "",
            "key_pair_id": "key-02754e7dcc8802ffb",
            "key_type": "rsa",
            "public_key": "ssh-rsa AAAAB3NzaC1yc2EAAAADAQABAAABAQCdkCECJn6nEYnZmPfZreKn+MBwLJ+jOwWHV3GFqIeSCv2xPpjE3cyvWQaTQ6+p+okDMqZoXt6px4CH22jdhUreX562ecoT7AX1aJoELgoWC5hcVZFhMren0WU+6AF3JAYOf0OaDAbHzvsmIjuqQQurouavIvag0qJB1f3KXeJtgxhx/jkWhLXrG16RbCWzXLFwGzosrL25vMH6ThPubGJXaZ80y4sVWAktKZ4fX7/acsufZs3gxO5dkLvXX4MQ2ueoAsMDjuAgnHgPTRy7dsqNxsa5rvWsyZIuKBeJo6QryGmSBTwIvNlg9f9wMejx1P5wgT72utYpUG5gEdUJWCWx",
            "tags": {},
            "tags_all": {}
          },
          "sensitive_attributes": [],
          "private": "eyJzY2hlbWFfdmVyc2lvbiI6IjEifQ==",
          "dependencies": [
            "tls_private_key.ec2_key"
          ]
        }
      ]
    },
    {
      "mode": "managed",
      "type": "aws_security_group",
      "name": "web-sg",
      "provider": "provider[\"registry.terraform.io/hashicorp/aws\"]",
      "instances": [
        {
          "schema_version": 1,
          "attributes": {
            "arn": "arn:aws:ec2:us-east-1:704321698784:security-group/sg-00a55f51b64cf31b2",
            "description": "Allow ssh and http inbound traffic",
            "egress": [
              {
                "cidr_blocks": [
                  "0.0.0.0/0"
                ],
                "description": "",
                "from_port": 0,
                "ipv6_cidr_blocks": [],
                "prefix_list_ids": [],
                "protocol": "-1",
                "security_groups": [],
                "self": false,
                "to_port": 0
              }
            ],
            "id": "sg-00a55f51b64cf31b2",
            "ingress": [
              {
                "cidr_blocks": [
                  "0.0.0.0/0"
                ],
                "description": "ingress port ",
                "from_port": 22,
                "ipv6_cidr_blocks": [],
                "prefix_list_ids": [],
                "protocol": "tcp",
                "security_groups": [],
                "self": false,
                "to_port": 22
              },
              {
                "cidr_blocks": [
                  "0.0.0.0/0"
                ],
                "description": "ingress port ",
                "from_port": 8000,
                "ipv6_cidr_blocks": [],
                "prefix_list_ids": [],
                "protocol": "tcp",
                "security_groups": [],
                "self": false,
                "to_port": 8100
              }
            ],
            "name": "docker-Web-SG",
            "name_prefix": "",
            "owner_id": "704321698784",
            "revoke_rules_on_delete": false,
            "tags": {
              "Name": "docker-Web-SG"
            },
            "tags_all": {
              "Name": "docker-Web-SG"
            },
            "timeouts": null,
            "vpc_id": "vpc-05768ad467754aeb8"
          },
          "sensitive_attributes": [],
          "private": "eyJlMmJmYjczMC1lY2FhLTExZTYtOGY4OC0zNDM2M2JjN2M0YzAiOnsiY3JlYXRlIjo2MDAwMDAwMDAwMDAsImRlbGV0ZSI6OTAwMDAwMDAwMDAwfSwic2NoZW1hX3ZlcnNpb24iOiIxIn0=",
          "dependencies": [
            "aws_default_vpc.default_vpc"
          ]
        }
      ]
    },
    {
      "mode": "managed",
      "type": "local_file",
      "name": "ssh_key",
      "provider": "provider[\"registry.terraform.io/hashicorp/local\"]",
      "instances": [
        {
          "schema_version": 0,
          "attributes": {
            "content": "-----BEGIN RSA PRIVATE KEY-----\nMIIEpAIBAAKCAQEAnZAhAiZ+pxGJ2Zj32a3ip/jAcCyfozsFh1dxhaiHkgr9sT6Y\nxN3Mr1kGk0OvqfqJAzKmaF7eqceAh9to3YVK3l+etnnKE+wF9WiaBC4KFguYXFWR\nYTK3p9FlPugBdyQGDn9DmgwGx877JiI7qkELq6LmryL2oNKiQdX9yl3ibYMYcf45\nFoS16xtekWwls1yxcBs6LKy9ubzB+k4T7mxiV2mfNMuLFVgJLSmeH1+/2nLLn2bN\n4MTuXZC711+DENrnqALDA47gIJx4D00cu3bKjcbGua71rMmSLigXiaOkK8hpkgU8\nCLzZYPX/cDHo8dT+cIE+9rrWKVBuYBHVCVglsQIDAQABAoIBAQCPGNbhnRRppwQL\nG2H90G6JHuGm/t/83x2mTURMn0KA4HqG/tK/+LBsj+3o0RA4z9CfluCK6Z5Pk2Co\nAhy7EtNsImuCThm4/iJrPxShty5x1xYIxa3DGMyzHPlWqF6sVYsqn2pF/aYq0VBG\n0dBeT7TJrKjVZmuWo7W5FR/pKlr6GSjGFd+PZOiHVgXo4sd+o7INMSi/NBiZ10iu\nRuY4FQTsmdXAHhbKH3ZDK8eT9PNqpf8YYWb6r29RpD9CGUwYAdXdGSGZho+dros/\nnc4VMysDqY2VJk5+52DMgElDqmIUVBBYjG9oglRJRc+XP7F0p8WDNFOUvJN5Qisl\nKUi17loBAoGBAMaCgpOkqGGNW6IOS3LiTeGTy3tEZWoYh1BdnKz/YwdYc3+BCQtY\naAtYhOOYziAWsh3xcvLYMa17MVBN2Mbb80uUXocVVuRrvbjr+PePYnzeQxjnPQIT\nCRxPrqTOMQQKBl4CTUnHiA6fHvRCPML1i2JACP4a59Iolje6Ju9yB0B7AoGBAMsx\n1B70Cyj1baY4WtjvbUuFc0x2d/JmXtxkeJvKK8bk9C/U2CWNW562xJ0SshL3ZNWZ\nt9mJTfr2G6GZqVumh+Tj0WJAE3iFzprhFm0Sv8uF3D3LEKDcIphUbCRDe9KC+GQB\njlizx4YqVHWVZJhFrQHanMQfeI30zDmBxPzay5jDAoGARdz+yamEnTibzFANm7Qr\nxr02Ov7aVlmlndIkZvpGxvoJRBGMtlJ546xWsKdBvCdgrosgcnlGGpElzOZo6avV\nV38zOYV4HFIS5nceGzp6ZgnvQV94qDc82JrukxACTjKdBQ74VoQDzWmRAlQhgFfc\no0p4H74mYl9oZtp8A391L+sCgYEAvURztkVRo9xAP2Uc0hbq8j6i8CUlgwdx8s4v\nPcXqUwBup6MVlpz+K29I4ppIfrwsE350rs9jcJEPmc4c337V9BF0tpTCzi+tC7z/\n+6dMOZI9XN2qZnvGSafRd1HYo3RVVCnS4rLK9iC1vTTjl6bHCQQNo+1AiNHt7N8A\nkxpmLKsCgYBxfS7vDAXFejhuSzbdpuWbXQv5S+LH0JOuuIXVffJoQliREq9T8zn5\nrwdL8Buich85L6DTKmFp3/06wOJrOoqmvYo/H2rvspP/hATZYomEyHrCq0gQyK79\nI6zmKMbrncrZU6iY6jCeE2Sb9aapbzT/cGlMuotvtcxsbs05oKbB/Q==\n-----END RSA PRIVATE KEY-----\n",
            "content_base64": null,
            "content_base64sha256": "dpQnoBbc7078T0o5eyN0Bl47+4WXfnsllyu3wyLoQLE=",
            "content_base64sha512": "aiurtz0YSjRWA8hW8UCRcOaTq5M3++QEwicIUrDSj8oKhFQLkIXcN6HbZHl5J3u3N59aeB5rAl0r5Zcr3KcaiA==",
            "content_md5": "fecd52560e7d879634497ca0ba25c7e9",
            "content_sha1": "0d21648f7741952f78951d9ca938e7e2e87f2d69",
            "content_sha256": "769427a016dcef4efc4f4a397b2374065e3bfb85977e7b25972bb7c322e840b1",
            "content_sha512": "6a2babb73d184a345603c856f1409170e693ab9337fbe404c2270852b0d28fca0a84540b9085dc37a1db647979277bb7379f5a781e6b025d2be5972bdca71a88",
            "directory_permission": "0777",
            "file_permission": "0777",
            "filename": "keypair.pem",
            "id": "0d21648f7741952f78951d9ca938e7e2e87f2d69",
            "sensitive_content": null,
            "source": null
          },
          "sensitive_attributes": [
            [
              {
                "type": "get_attr",
                "value": "content"
              }
            ]
          ],
          "dependencies": [
            "tls_private_key.ec2_key"
          ]
        }
      ]
    },
    {
      "mode": "managed",
      "type": "tls_private_key",
      "name": "ec2_key",
      "provider": "provider[\"registry.terraform.io/hashicorp/tls\"]",
      "instances": [
        {
          "schema_version": 1,
          "attributes": {
            "algorithm": "RSA",
            "ecdsa_curve": "P224",
            "id": "30df2484a19d4e0eff77dc3c81922da6688e35f4",
            "private_key_openssh": "-----BEGIN OPENSSH PRIVATE KEY-----\nb3BlbnNzaC1rZXktdjEAAAAABG5vbmUAAAAEbm9uZQAAAAAAAAABAAABFwAAAAdz\nc2gtcnNhAAAAAwEAAQAAAQEAnZAhAiZ+pxGJ2Zj32a3ip/jAcCyfozsFh1dxhaiH\nkgr9sT6YxN3Mr1kGk0OvqfqJAzKmaF7eqceAh9to3YVK3l+etnnKE+wF9WiaBC4K\nFguYXFWRYTK3p9FlPugBdyQGDn9DmgwGx877JiI7qkELq6LmryL2oNKiQdX9yl3i\nbYMYcf45FoS16xtekWwls1yxcBs6LKy9ubzB+k4T7mxiV2mfNMuLFVgJLSmeH1+/\n2nLLn2bN4MTuXZC711+DENrnqALDA47gIJx4D00cu3bKjcbGua71rMmSLigXiaOk\nK8hpkgU8CLzZYPX/cDHo8dT+cIE+9rrWKVBuYBHVCVglsQAAA7gZt+fMGbfnzAAA\nAAdzc2gtcnNhAAABAQCdkCECJn6nEYnZmPfZreKn+MBwLJ+jOwWHV3GFqIeSCv2x\nPpjE3cyvWQaTQ6+p+okDMqZoXt6px4CH22jdhUreX562ecoT7AX1aJoELgoWC5hc\nVZFhMren0WU+6AF3JAYOf0OaDAbHzvsmIjuqQQurouavIvag0qJB1f3KXeJtgxhx\n/jkWhLXrG16RbCWzXLFwGzosrL25vMH6ThPubGJXaZ80y4sVWAktKZ4fX7/acsuf\nZs3gxO5dkLvXX4MQ2ueoAsMDjuAgnHgPTRy7dsqNxsa5rvWsyZIuKBeJo6QryGmS\nBTwIvNlg9f9wMejx1P5wgT72utYpUG5gEdUJWCWxAAAAAwEAAQAAAQEAjxjW4Z0U\naacECxth/dBuiR7hpv7f/N8dpk1ETJ9CgOB6hv7Sv/iwbI/t6NEQOM/Qn5bgiume\nT5NgqAIcuxLTbCJrgk4ZuP4iaz8UobcucdcWCMWtwxjMsxz5VqherFWLKp9qRf2m\nKtFQRtHQXk+0yayo1WZrlqO1uRUf6Spa+hkoxhXfj2Toh1YF6OLHfqOyDTEovzQY\nmddIrkbmOBUE7JnVwB4Wyh92QyvHk/TzaqX/GGFm+q9vUaQ/QhlMGAHV3RkhmYaP\nna6LP53OFTMrA6mNlSZOfudgzIBJQ6piFFQQWIxvaIJUSUXPlz+xdKfFgzRTlLyT\neUIrJSlIte5aAQAAAIBxfS7vDAXFejhuSzbdpuWbXQv5S+LH0JOuuIXVffJoQliR\nEq9T8zn5rwdL8Buich85L6DTKmFp3/06wOJrOoqmvYo/H2rvspP/hATZYomEyHrC\nq0gQyK79I6zmKMbrncrZU6iY6jCeE2Sb9aapbzT/cGlMuotvtcxsbs05oKbB/QAA\nAIEAxoKCk6SoYY1bog5LcuJN4ZPLe0RlahiHUF2crP9jB1hzf4EJC1hoC1iE45jO\nIBayHfFy8tgxrXsxUE3YxtvzS5RehxVW5Gu9uOv4949ifN5DGOc9AhMJHE+upM4x\nBAoGXgJNSceIDp8e9EI8wvWLYkAI/hrn0iiWN7om73IHQHsAAACBAMsx1B70Cyj1\nbaY4WtjvbUuFc0x2d/JmXtxkeJvKK8bk9C/U2CWNW562xJ0SshL3ZNWZt9mJTfr2\nG6GZqVumh+Tj0WJAE3iFzprhFm0Sv8uF3D3LEKDcIphUbCRDe9KC+GQBjlizx4Yq\nVHWVZJhFrQHanMQfeI30zDmBxPzay5jDAAAAAAEC\n-----END OPENSSH PRIVATE KEY-----\n",
            "private_key_pem": "-----BEGIN RSA PRIVATE KEY-----\nMIIEpAIBAAKCAQEAnZAhAiZ+pxGJ2Zj32a3ip/jAcCyfozsFh1dxhaiHkgr9sT6Y\nxN3Mr1kGk0OvqfqJAzKmaF7eqceAh9to3YVK3l+etnnKE+wF9WiaBC4KFguYXFWR\nYTK3p9FlPugBdyQGDn9DmgwGx877JiI7qkELq6LmryL2oNKiQdX9yl3ibYMYcf45\nFoS16xtekWwls1yxcBs6LKy9ubzB+k4T7mxiV2mfNMuLFVgJLSmeH1+/2nLLn2bN\n4MTuXZC711+DENrnqALDA47gIJx4D00cu3bKjcbGua71rMmSLigXiaOkK8hpkgU8\nCLzZYPX/cDHo8dT+cIE+9rrWKVBuYBHVCVglsQIDAQABAoIBAQCPGNbhnRRppwQL\nG2H90G6JHuGm/t/83x2mTURMn0KA4HqG/tK/+LBsj+3o0RA4z9CfluCK6Z5Pk2Co\nAhy7EtNsImuCThm4/iJrPxShty5x1xYIxa3DGMyzHPlWqF6sVYsqn2pF/aYq0VBG\n0dBeT7TJrKjVZmuWo7W5FR/pKlr6GSjGFd+PZOiHVgXo4sd+o7INMSi/NBiZ10iu\nRuY4FQTsmdXAHhbKH3ZDK8eT9PNqpf8YYWb6r29RpD9CGUwYAdXdGSGZho+dros/\nnc4VMysDqY2VJk5+52DMgElDqmIUVBBYjG9oglRJRc+XP7F0p8WDNFOUvJN5Qisl\nKUi17loBAoGBAMaCgpOkqGGNW6IOS3LiTeGTy3tEZWoYh1BdnKz/YwdYc3+BCQtY\naAtYhOOYziAWsh3xcvLYMa17MVBN2Mbb80uUXocVVuRrvbjr+PePYnzeQxjnPQIT\nCRxPrqTOMQQKBl4CTUnHiA6fHvRCPML1i2JACP4a59Iolje6Ju9yB0B7AoGBAMsx\n1B70Cyj1baY4WtjvbUuFc0x2d/JmXtxkeJvKK8bk9C/U2CWNW562xJ0SshL3ZNWZ\nt9mJTfr2G6GZqVumh+Tj0WJAE3iFzprhFm0Sv8uF3D3LEKDcIphUbCRDe9KC+GQB\njlizx4YqVHWVZJhFrQHanMQfeI30zDmBxPzay5jDAoGARdz+yamEnTibzFANm7Qr\nxr02Ov7aVlmlndIkZvpGxvoJRBGMtlJ546xWsKdBvCdgrosgcnlGGpElzOZo6avV\nV38zOYV4HFIS5nceGzp6ZgnvQV94qDc82JrukxACTjKdBQ74VoQDzWmRAlQhgFfc\no0p4H74mYl9oZtp8A391L+sCgYEAvURztkVRo9xAP2Uc0hbq8j6i8CUlgwdx8s4v\nPcXqUwBup6MVlpz+K29I4ppIfrwsE350rs9jcJEPmc4c337V9BF0tpTCzi+tC7z/\n+6dMOZI9XN2qZnvGSafRd1HYo3RVVCnS4rLK9iC1vTTjl6bHCQQNo+1AiNHt7N8A\nkxpmLKsCgYBxfS7vDAXFejhuSzbdpuWbXQv5S+LH0JOuuIXVffJoQliREq9T8zn5\nrwdL8Buich85L6DTKmFp3/06wOJrOoqmvYo/H2rvspP/hATZYomEyHrCq0gQyK79\nI6zmKMbrncrZU6iY6jCeE2Sb9aapbzT/cGlMuotvtcxsbs05oKbB/Q==\n-----END RSA PRIVATE KEY-----\n",
            "private_key_pem_pkcs8": "-----BEGIN PRIVATE KEY-----\nMIIEvgIBADANBgkqhkiG9w0BAQEFAASCBKgwggSkAgEAAoIBAQCdkCECJn6nEYnZ\nmPfZreKn+MBwLJ+jOwWHV3GFqIeSCv2xPpjE3cyvWQaTQ6+p+okDMqZoXt6px4CH\n22jdhUreX562ecoT7AX1aJoELgoWC5hcVZFhMren0WU+6AF3JAYOf0OaDAbHzvsm\nIjuqQQurouavIvag0qJB1f3KXeJtgxhx/jkWhLXrG16RbCWzXLFwGzosrL25vMH6\nThPubGJXaZ80y4sVWAktKZ4fX7/acsufZs3gxO5dkLvXX4MQ2ueoAsMDjuAgnHgP\nTRy7dsqNxsa5rvWsyZIuKBeJo6QryGmSBTwIvNlg9f9wMejx1P5wgT72utYpUG5g\nEdUJWCWxAgMBAAECggEBAI8Y1uGdFGmnBAsbYf3Qboke4ab+3/zfHaZNREyfQoDg\neob+0r/4sGyP7ejREDjP0J+W4Irpnk+TYKgCHLsS02wia4JOGbj+Ims/FKG3LnHX\nFgjFrcMYzLMc+VaoXqxViyqfakX9pirRUEbR0F5PtMmsqNVma5ajtbkVH+kqWvoZ\nKMYV349k6IdWBejix36jsg0xKL80GJnXSK5G5jgVBOyZ1cAeFsofdkMrx5P082ql\n/xhhZvqvb1GkP0IZTBgB1d0ZIZmGj52uiz+dzhUzKwOpjZUmTn7nYMyASUOqYhRU\nEFiMb2iCVElFz5c/sXSnxYM0U5S8k3lCKyUpSLXuWgECgYEAxoKCk6SoYY1bog5L\ncuJN4ZPLe0RlahiHUF2crP9jB1hzf4EJC1hoC1iE45jOIBayHfFy8tgxrXsxUE3Y\nxtvzS5RehxVW5Gu9uOv4949ifN5DGOc9AhMJHE+upM4xBAoGXgJNSceIDp8e9EI8\nwvWLYkAI/hrn0iiWN7om73IHQHsCgYEAyzHUHvQLKPVtpjha2O9tS4VzTHZ38mZe\n3GR4m8orxuT0L9TYJY1bnrbEnRKyEvdk1Zm32YlN+vYboZmpW6aH5OPRYkATeIXO\nmuEWbRK/y4XcPcsQoNwimFRsJEN70oL4ZAGOWLPHhipUdZVkmEWtAdqcxB94jfTM\nOYHE/NrLmMMCgYBF3P7JqYSdOJvMUA2btCvGvTY6/tpWWaWd0iRm+kbG+glEEYy2\nUnnjrFawp0G8J2CuiyByeUYakSXM5mjpq9VXfzM5hXgcUhLmdx4bOnpmCe9BX3io\nNzzYmu6TEAJOMp0FDvhWhAPNaZECVCGAV9yjSngfviZiX2hm2nwDf3Uv6wKBgQC9\nRHO2RVGj3EA/ZRzSFuryPqLwJSWDB3Hyzi89xepTAG6noxWWnP4rb0jimkh+vCwT\nfnSuz2NwkQ+ZzhzfftX0EXS2lMLOL60LvP/7p0w5kj1c3apme8ZJp9F3UdijdFVU\nKdLissr2ILW9NOOXpscJBA2j7UCI0e3s3wCTGmYsqwKBgHF9Lu8MBcV6OG5LNt2m\n5ZtdC/lL4sfQk664hdV98mhCWJESr1PzOfmvB0vwG6JyHzkvoNMqYWnf/TrA4ms6\niqa9ij8fau+yk/+EBNliiYTIesKrSBDIrv0jrOYoxuudytlTqJjqMJ4TZJv1pqlv\nNP9waUy6i2+1zGxuzTmgpsH9\n-----END PRIVATE KEY-----\n",
            "public_key_fingerprint_md5": "b8:af:53:35:d5:13:8f:90:44:db:f0:97:99:52:53:b9",
            "public_key_fingerprint_sha256": "SHA256:CCrA3f07A9JHrJ1kgfpnlBaaXQAGdAbvB3Nwi+Ru4/s",
            "public_key_openssh": "ssh-rsa AAAAB3NzaC1yc2EAAAADAQABAAABAQCdkCECJn6nEYnZmPfZreKn+MBwLJ+jOwWHV3GFqIeSCv2xPpjE3cyvWQaTQ6+p+okDMqZoXt6px4CH22jdhUreX562ecoT7AX1aJoELgoWC5hcVZFhMren0WU+6AF3JAYOf0OaDAbHzvsmIjuqQQurouavIvag0qJB1f3KXeJtgxhx/jkWhLXrG16RbCWzXLFwGzosrL25vMH6ThPubGJXaZ80y4sVWAktKZ4fX7/acsufZs3gxO5dkLvXX4MQ2ueoAsMDjuAgnHgPTRy7dsqNxsa5rvWsyZIuKBeJo6QryGmSBTwIvNlg9f9wMejx1P5wgT72utYpUG5gEdUJWCWx\n",
            "public_key_pem": "-----BEGIN PUBLIC KEY-----\nMIIBIjANBgkqhkiG9w0BAQEFAAOCAQ8AMIIBCgKCAQEAnZAhAiZ+pxGJ2Zj32a3i\np/jAcCyfozsFh1dxhaiHkgr9sT6YxN3Mr1kGk0OvqfqJAzKmaF7eqceAh9to3YVK\n3l+etnnKE+wF9WiaBC4KFguYXFWRYTK3p9FlPugBdyQGDn9DmgwGx877JiI7qkEL\nq6LmryL2oNKiQdX9yl3ibYMYcf45FoS16xtekWwls1yxcBs6LKy9ubzB+k4T7mxi\nV2mfNMuLFVgJLSmeH1+/2nLLn2bN4MTuXZC711+DENrnqALDA47gIJx4D00cu3bK\njcbGua71rMmSLigXiaOkK8hpkgU8CLzZYPX/cDHo8dT+cIE+9rrWKVBuYBHVCVgl\nsQIDAQAB\n-----END PUBLIC KEY-----\n",
            "rsa_bits": 2048
          },
          "sensitive_attributes": []
        }
      ]
    }
  ],
  "check_results": null
}
